
Microsoft Visual Studio Solution File, Format Version 12.00
# Visual Studio Version 17
VisualStudioVersion = 17.9.34728.123
MinimumVisualStudioVersion = 10.0.40219.1
Project("{FAE04EC0-301F-11D3-BF4B-00C04F79EFBC}") = "CleanHosp_API", "CleanHosp_API.csproj", "{947B411E-7496-4787-80B5-CA13129A8323}"
EndProject
Global
	GlobalSection(SolutionConfigurationPlatforms) = preSolution
		Debug|Any CPU = Debug|Any CPU
		Release|Any CPU = Release|Any CPU
	EndGlobalSection
	GlobalSection(ProjectConfigurationPlatforms) = postSolution
		{947B411E-7496-4787-80B5-CA13129A8323}.Debug|Any CPU.ActiveCfg = Debug|Any CPU
		{947B411E-7496-4787-80B5-CA13129A8323}.Debug|Any CPU.Build.0 = Debug|Any CPU
		{947B411E-7496-4787-80B5-CA13129A8323}.Release|Any CPU.ActiveCfg = Release|Any CPU
		{947B411E-7496-4787-80B5-CA13129A8323}.Release|Any CPU.Build.0 = Release|Any CPU
	EndGlobalSection
	GlobalSection(SolutionProperties) = preSolution
		HideSolutionNode = FALSE
	EndGlobalSection
	GlobalSection(ExtensibilityGlobals) = postSolution
		SolutionGuid = {48BEF0DA-F4BF-4334-8719-589A9CFCF7D5}
	EndGlobalSection
EndGlobal
